// !$*UTF8*$!
{
	archiveVersion = 1;
	classes = {
	};
	objectVersion = 50;
	objects = {

/* Begin PBXBuildFile section */
		9D6E64AC2666574500EF805F /* AppDelegate.swift in Sources */ = {isa = PBXBuildFile; fileRef = 9D6E64AB2666574500EF805F /* AppDelegate.swift */; };
		9D6E64AE2666574500EF805F /* SceneDelegate.swift in Sources */ = {isa = PBXBuildFile; fileRef = 9D6E64AD2666574500EF805F /* SceneDelegate.swift */; };
		9D6E64B02666574500EF805F /* ViewController.swift in Sources */ = {isa = PBXBuildFile; fileRef = 9D6E64AF2666574500EF805F /* ViewController.swift */; };
		9D6E64B32666574500EF805F /* Main.storyboard in Resources */ = {isa = PBXBuildFile; fileRef = 9D6E64B12666574500EF805F /* Main.storyboard */; };
		9D6E64B52666574600EF805F /* Assets.xcassets in Resources */ = {isa = PBXBuildFile; fileRef = 9D6E64B42666574600EF805F /* Assets.xcassets */; };
		9D6E64B82666574600EF805F /* LaunchScreen.storyboard in Resources */ = {isa = PBXBuildFile; fileRef = 9D6E64B62666574600EF805F /* LaunchScreen.storyboard */; };
		9D6E64C32666574600EF805F /* DicodingSegueTests.swift in Sources */ = {isa = PBXBuildFile; fileRef = 9D6E64C22666574600EF805F /* DicodingSegueTests.swift */; };
		9D6E64CE2666574600EF805F /* DicodingSegueUITests.swift in Sources */ = {isa = PBXBuildFile; fileRef = 9D6E64CD2666574600EF805F /* DicodingSegueUITests.swift */; };
/* End PBXBuildFile section */

/* Begin PBXContainerItemProxy section */
		9D6E64BF2666574600EF805F /* PBXContainerItemProxy */ = {
			isa = PBXContainerItemProxy;
			containerPortal = 9D6E64A02666574500EF805F /* Project object */;
			proxyType = 1;
			remoteGlobalIDString = 9D6E64A72666574500EF805F;
			remoteInfo = DicodingSegue;
		};
		9D6E64CA2666574600EF805F /* PBXContainerItemProxy */ = {
			isa = PBXContainerItemProxy;
			containerPortal = 9D6E64A02666574500EF805F /* Project object */;
			proxyType = 1;
			remoteGlobalIDString = 9D6E64A72666574500EF805F;
			remoteInfo = DicodingSegue;
		};
/* End PBXContainerItemProxy section */

/* Begin PBXFileReference section */
		9D6E64A82666574500EF805F /* DicodingSegue.app */ = {isa = PBXFileReference; explicitFileType = wrapper.application; includeInIndex = 0; path = DicodingSegue.app; sourceTree = BUILT_PRODUCTS_DIR; };
		9D6E64AB2666574500EF805F /* AppDelegate.swift */ = {isa = PBXFileReference; lastKnownFileType = sourcecode.swift; path = AppDelegate.swift; sourceTree = "<group>"; };
		9D6E64AD2666574500EF805F /* SceneDelegate.swift */ = {isa = PBXFileReference; lastKnownFileType = sourcecode.swift; path = SceneDelegate.swift; sourceTree = "<group>"; };
		9D6E64AF2666574500EF805F /* ViewController.swift */ = {isa = PBXFileReference; lastKnownFileType = sourcecode.swift; path = ViewController.swift; sourceTree = "<group>"; };
		9D6E64B22666574500EF805F /* Base */ = {isa = PBXFileReference; lastKnownFileType = file.storyboard; name = Base; path = Base.lproj/Main.storyboard; sourceTree = "<group>"; };
		9D6E64B42666574600EF805F /* Assets.xcassets */ = {isa = PBXFileReference; lastKnownFileType = folder.assetcatalog; path = Assets.xcassets; sourceTree = "<group>"; };
		9D6E64B72666574600EF805F /* Base */ = {isa = PBXFileReference; lastKnownFileType = file.storyboard; name = Base; path = Base.lproj/LaunchScreen.storyboard; sourceTree = "<group>"; };
		9D6E64B92666574600EF805F /* Info.plist */ = {isa = PBXFileReference; lastKnownFileType = text.plist.xml; path = Info.plist; sourceTree = "<group>"; };
		9D6E64BE2666574600EF805F /* DicodingSegueTests.xctest */ = {isa = PBXFileReference; explicitFileType = wrapper.cfbundle; includeInIndex = 0; path = DicodingSegueTests.xctest; sourceTree = BUILT_PRODUCTS_DIR; };
		9D6E64C22666574600EF805F /* DicodingSegueTests.swift */ = {isa = PBXFileReference; lastKnownFileType = sourcecode.swift; path = DicodingSegueTests.swift; sourceTree = "<group>"; };
		9D6E64C42666574600EF805F /* Info.plist */ = {isa = PBXFileReference; lastKnownFileType = text.plist.xml; path = Info.plist; sourceTree = "<group>"; };
		9D6E64C92666574600EF805F /* DicodingSegueUITests.xctest */ = {isa = PBXFileReference; explicitFileType = wrapper.cfbundle; includeInIndex = 0; path = DicodingSegueUITests.xctest; sourceTree = BUILT_PRODUCTS_DIR; };
		9D6E64CD2666574600EF805F /* DicodingSegueUITests.swift */ = {isa = PBXFileReference; lastKnownFileType = sourcecode.swift; path = DicodingSegueUITests.swift; sourceTree = "<group>"; };
		9D6E64CF2666574600EF805F /* Info.plist */ = {isa = PBXFileReference; lastKnownFileType = text.plist.xml; path = Info.plist; sourceTree = "<group>"; };
/* End PBXFileReference section */

/* Begin PBXFrameworksBuildPhase section */
		9D6E64A52666574500EF805F /* Frameworks */ = {
			isa = PBXFrameworksBuildPhase;
			buildActionMask = 2147483647;
			files = (
			);
			runOnlyForDeploymentPostprocessing = 0;
		};
		9D6E64BB2666574600EF805F /* Frameworks */ = {
			isa = PBXFrameworksBuildPhase;
			buildActionMask = 2147483647;
			files = (
			);
			runOnlyForDeploymentPostprocessing = 0;
		};
		9D6E64C62666574600EF805F /* Frameworks */ = {
			isa = PBXFrameworksBuildPhase;
			buildActionMask = 2147483647;
			files = (
			);
			runOnlyForDeploymentPostprocessing = 0;
		};
/* End PBXFrameworksBuildPhase section */

/* Begin PBXGroup section */
		9D6E649F2666574500EF805F = {
			isa = PBXGroup;
			children = (
				9D6E64AA2666574500EF805F /* DicodingSegue */,
				9D6E64C12666574600EF805F /* DicodingSegueTests */,
				9D6E64CC2666574600EF805F /* DicodingSegueUITests */,
				9D6E64A92666574500EF805F /* Products */,
			);
			sourceTree = "<group>";
		};
		9D6E64A92666574500EF805F /* Products */ = {
			isa = PBXGroup;
			children = (
				9D6E64A82666574500EF805F /* DicodingSegue.app */,
				9D6E64BE2666574600EF805F /* DicodingSegueTests.xctest */,
				9D6E64C92666574600EF805F /* DicodingSegueUITests.xctest */,
			);
			name = Products;
			sourceTree = "<group>";
		};
		9D6E64AA2666574500EF805F /* DicodingSegue */ = {
			isa = PBXGroup;
			children = (
				9D6E64AB2666574500EF805F /* AppDelegate.swift */,
				9D6E64AD2666574500EF805F /* SceneDelegate.swift */,
				9D6E64AF2666574500EF805F /* ViewController.swift */,
				9D6E64B12666574500EF805F /* Main.storyboard */,
				9D6E64B42666574600EF805F /* Assets.xcassets */,
				9D6E64B62666574600EF805F /* LaunchScreen.storyboard */,
				9D6E64B92666574600EF805F /* Info.plist */,
			);
			path = DicodingSegue;
			sourceTree = "<group>";
		};
		9D6E64C12666574600EF805F /* DicodingSegueTests */ = {
			isa = PBXGroup;
			children = (
				9D6E64C22666574600EF805F /* DicodingSegueTests.swift */,
				9D6E64C42666574600EF805F /* Info.plist */,
			);
			path = DicodingSegueTests;
			sourceTree = "<group>";
		};
		9D6E64CC2666574600EF805F /* DicodingSegueUITests */ = {
			isa = PBXGroup;
			children = (
				9D6E64CD2666574600EF805F /* DicodingSegueUITests.swift */,
				9D6E64CF2666574600EF805F /* Info.plist */,
			);
			path = DicodingSegueUITests;
			sourceTree = "<group>";
		};
/* End PBXGroup section */

/* Begin PBXNativeTarget section */
		9D6E64A72666574500EF805F /* DicodingSegue */ = {
			isa = PBXNativeTarget;
			buildConfigurationList = 9D6E64D22666574600EF805F /* Build configuration list for PBXNativeTarget "DicodingSegue" */;
			buildPhases = (
				9D6E64A42666574500EF805F /* Sources */,
				9D6E64A52666574500EF805F /* Frameworks */,
				9D6E64A62666574500EF805F /* Resources */,
			);
			buildRules = (
			);
			dependencies = (
			);
			name = DicodingSegue;
			productName = DicodingSegue;
			productReference = 9D6E64A82666574500EF805F /* DicodingSegue.app */;
			productType = "com.apple.product-type.application";
		};
		9D6E64BD2666574600EF805F /* DicodingSegueTests */ = {
			isa = PBXNativeTarget;
			buildConfigurationList = 9D6E64D52666574600EF805F /* Build configuration list for PBXNativeTarget "DicodingSegueTests" */;
			buildPhases = (
				9D6E64BA2666574600EF805F /* Sources */,
				9D6E64BB2666574600EF805F /* Frameworks */,
				9D6E64BC2666574600EF805F /* Resources */,
			);
			buildRules = (
			);
			dependencies = (
				9D6E64C02666574600EF805F /* PBXTargetDependency */,
			);
			name = DicodingSegueTests;
			productName = DicodingSegueTests;
			productReference = 9D6E64BE2666574600EF805F /* DicodingSegueTests.xctest */;
			productType = "com.apple.product-type.bundle.unit-test";
		};
		9D6E64C82666574600EF805F /* DicodingSegueUITests */ = {
			isa = PBXNativeTarget;
			buildConfigurationList = 9D6E64D82666574600EF805F /* Build configuration list for PBXNativeTarget "DicodingSegueUITests" */;
			buildPhases = (
				9D6E64C52666574600EF805F /* Sources */,
				9D6E64C62666574600EF805F /* Frameworks */,
				9D6E64C72666574600EF805F /* Resources */,
			);
			buildRules = (
			);
			dependencies = (
				9D6E64CB2666574600EF805F /* PBXTargetDependency */,
			);
			name = DicodingSegueUITests;
			productName = DicodingSegueUITests;
			productReference = 9D6E64C92666574600EF805F /* DicodingSegueUITests.xctest */;
			productType = "com.apple.product-type.bundle.ui-testing";
		};
/* End PBXNativeTarget section */

/* Begin PBXProject section */
		9D6E64A02666574500EF805F /* Project object */ = {
			isa = PBXProject;
			attributes = {
				LastSwiftUpdateCheck = 1240;
				LastUpgradeCheck = 1240;
				TargetAttributes = {
					9D6E64A72666574500EF805F = {
						CreatedOnToolsVersion = 12.4;
					};
					9D6E64BD2666574600EF805F = {
						CreatedOnToolsVersion = 12.4;
						TestTargetID = 9D6E64A72666574500EF805F;
					};
					9D6E64C82666574600EF805F = {
						CreatedOnToolsVersion = 12.4;
						TestTargetID = 9D6E64A72666574500EF805F;
					};
				};
			};
			buildConfigurationList = 9D6E64A32666574500EF805F /* Build configuration list for PBXProject "DicodingSegue" */;
			compatibilityVersion = "Xcode 9.3";
			developmentRegion = en;
			hasScannedForEncodings = 0;
			knownRegions = (
				en,
				Base,
			);
			mainGroup = 9D6E649F2666574500EF805F;
			productRefGroup = 9D6E64A92666574500EF805F /* Products */;
			projectDirPath = "";
			projectRoot = "";
			targets = (
				9D6E64A72666574500EF805F /* DicodingSegue */,
				9D6E64BD2666574600EF805F /* DicodingSegueTests */,
				9D6E64C82666574600EF805F /* DicodingSegueUITests */,
			);
		};
/* End PBXProject section */

/* Begin PBXResourcesBuildPhase section */
		9D6E64A62666574500EF805F /* Resources */ = {
			isa = PBXResourcesBuildPhase;
			buildActionMask = 2147483647;
			files = (
				9D6E64B82666574600EF805F /* LaunchScreen.storyboard in Resources */,
				9D6E64B52666574600EF805F /* Assets.xcassets in Resources */,
				9D6E64B32666574500EF805F /* Main.storyboard in Resources */,
			);
			runOnlyForDeploymentPostprocessing = 0;
		};
		9D6E64BC2666574600EF805F /* Resources */ = {
			isa = PBXResourcesBuildPhase;
			buildActionMask = 2147483647;
			files = (
			);
			runOnlyForDeploymentPostprocessing = 0;
		};
		9D6E64C72666574600EF805F /* Resources */ = {
			isa = PBXResourcesBuildPhase;
			buildActionMask = 2147483647;
			files = (
			);
			runOnlyForDeploymentPostprocessing = 0;
		};
/* End PBXResourcesBuildPhase section */

/* Begin PBXSourcesBuildPhase section */
		9D6E64A42666574500EF805F /* Sources */ = {
			isa = PBXSourcesBuildPhase;
			buildActionMask = 2147483647;
			files = (
				9D6E64B02666574500EF805F /* ViewController.swift in Sources */,
				9D6E64AC2666574500EF805F /* AppDelegate.swift in Sources */,
				9D6E64AE2666574500EF805F /* SceneDelegate.swift in Sources */,
			);
			runOnlyForDeploymentPostprocessing = 0;
		};
		9D6E64BA2666574600EF805F /* Sources */ = {
			isa = PBXSourcesBuildPhase;
			buildActionMask = 2147483647;
			files = (
				9D6E64C32666574600EF805F /* DicodingSegueTests.swift in Sources */,
			);
			runOnlyForDeploymentPostprocessing = 0;
		};
		9D6E64C52666574600EF805F /* Sources */ = {
			isa = PBXSourcesBuildPhase;
			buildActionMask = 2147483647;
			files = (
				9D6E64CE2666574600EF805F /* DicodingSegueUITests.swift in Sources */,
			);
			runOnlyForDeploymentPostprocessing = 0;
		};
/* End PBXSourcesBuildPhase section */

/* Begin PBXTargetDependency section */
		9D6E64C02666574600EF805F /* PBXTargetDependency */ = {
			isa = PBXTargetDependency;
			target = 9D6E64A72666574500EF805F /* DicodingSegue */;
			targetProxy = 9D6E64BF2666574600EF805F /* PBXContainerItemProxy */;
		};
		9D6E64CB2666574600EF805F /* PBXTargetDependency */ = {
			isa = PBXTargetDependency;
			target = 9D6E64A72666574500EF805F /* DicodingSegue */;
			targetProxy = 9D6E64CA2666574600EF805F /* PBXContainerItemProxy */;
		};
/* End PBXTargetDependency section */

/* Begin PBXVariantGroup section */
		9D6E64B12666574500EF805F /* Main.storyboard */ = {
			isa = PBXVariantGroup;
			children = (
				9D6E64B22666574500EF805F /* Base */,
			);
			name = Main.storyboard;
			sourceTree = "<group>";
		};
		9D6E64B62666574600EF805F /* LaunchScreen.storyboard */ = {
			isa = PBXVariantGroup;
			children = (
				9D6E64B72666574600EF805F /* Base */,
			);
			name = LaunchScreen.storyboard;
			sourceTree = "<group>";
		};
/* End PBXVariantGroup section */

/* Begin XCBuildConfiguration section */
		9D6E64D02666574600EF805F /* Debug */ = {
			isa = XCBuildConfiguration;
			buildSettings = {
				ALWAYS_SEARCH_USER_PATHS = NO;
				CLANG_ANALYZER_NONNULL = YES;
				CLANG_ANALYZER_NUMBER_OBJECT_CONVERSION = YES_AGGRESSIVE;
				CLANG_CXX_LANGUAGE_STANDARD = "gnu++14";
				CLANG_CXX_LIBRARY = "libc++";
				CLANG_ENABLE_MODULES = YES;
				CLANG_ENABLE_OBJC_ARC = YES;
				CLANG_ENABLE_OBJC_WEAK = YES;
				CLANG_WARN_BLOCK_CAPTURE_AUTORELEASING = YES;
				CLANG_WARN_BOOL_CONVERSION = YES;
				CLANG_WARN_COMMA = YES;
				CLANG_WARN_CONSTANT_CONVERSION = YES;
				CLANG_WARN_DEPRECATED_OBJC_IMPLEMENTATIONS = YES;
				CLANG_WARN_DIRECT_OBJC_ISA_USAGE = YES_ERROR;
				CLANG_WARN_DOCUMENTATION_COMMENTS = YES;
				CLANG_WARN_EMPTY_BODY = YES;
				CLANG_WARN_ENUM_CONVERSION = YES;
				CLANG_WARN_INFINITE_RECURSION = YES;
				CLANG_WARN_INT_CONVERSION = YES;
				CLANG_WARN_NON_LITERAL_NULL_CONVERSION = YES;
				CLANG_WARN_OBJC_IMPLICIT_RETAIN_SELF = YES;
				CLANG_WARN_OBJC_LITERAL_CONVERSION = YES;
				CLANG_WARN_OBJC_ROOT_CLASS = YES_ERROR;
				CLANG_WARN_QUOTED_INCLUDE_IN_FRAMEWORK_HEADER = YES;
				CLANG_WARN_RANGE_LOOP_ANALYSIS = YES;
				CLANG_WARN_STRICT_PROTOTYPES = YES;
				CLANG_WARN_SUSPICIOUS_MOVE = YES;
				CLANG_WARN_UNGUARDED_AVAILABILITY = YES_AGGRESSIVE;
				CLANG_WARN_UNREACHABLE_CODE = YES;
				CLANG_WARN__DUPLICATE_METHOD_MATCH = YES;
				COPY_PHASE_STRIP = NO;
				DEBUG_INFORMATION_FORMAT = dwarf;
				ENABLE_STRICT_OBJC_MSGSEND = YES;
				ENABLE_TESTABILITY = YES;
				GCC_C_LANGUAGE_STANDARD = gnu11;
				GCC_DYNAMIC_NO_PIC = NO;
				GCC_NO_COMMON_BLOCKS = YES;
				GCC_OPTIMIZATION_LEVEL = 0;
				GCC_PREPROCESSOR_DEFINITIONS = (
					"DEBUG=1",
					"$(inherited)",
				);
				GCC_WARN_64_TO_32_BIT_CONVERSION = YES;
				GCC_WARN_ABOUT_RETURN_TYPE = YES_ERROR;
				GCC_WARN_UNDECLARED_SELECTOR = YES;
				GCC_WARN_UNINITIALIZED_AUTOS = YES_AGGRESSIVE;
				GCC_WARN_UNUSED_FUNCTION = YES;
				GCC_WARN_UNUSED_VARIABLE = YES;
				IPHONEOS_DEPLOYMENT_TARGET = 14.4;
				MTL_ENABLE_DEBUG_INFO = INCLUDE_SOURCE;
				MTL_FAST_MATH = YES;
				ONLY_ACTIVE_ARCH = YES;
				SDKROOT = iphoneos;
				SWIFT_ACTIVE_COMPILATION_CONDITIONS = DEBUG;
				SWIFT_OPTIMIZATION_LEVEL = "-Onone";
			};
			name = Debug;
		};
		9D6E64D12666574600EF805F /* Release */ = {
			isa = XCBuildConfiguration;
			buildSettings = {
				ALWAYS_SEARCH_USER_PATHS = NO;
				CLANG_ANALYZER_NONNULL = YES;
				CLANG_ANALYZER_NUMBER_OBJECT_CONVERSION = YES_AGGRESSIVE;
				CLANG_CXX_LANGUAGE_STANDARD = "gnu++14";
				CLANG_CXX_LIBRARY = "libc++";
				CLANG_ENABLE_MODULES = YES;
				CLANG_ENABLE_OBJC_ARC = YES;
				CLANG_ENABLE_OBJC_WEAK = YES;
				CLANG_WARN_BLOCK_CAPTURE_AUTORELEASING = YES;
				CLANG_WARN_BOOL_CONVERSION = YES;
				CLANG_WARN_COMMA = YES;
				CLANG_WARN_CONSTANT_CONVERSION = YES;
				CLANG_WARN_DEPRECATED_OBJC_IMPLEMENTATIONS = YES;
				CLANG_WARN_DIRECT_OBJC_ISA_USAGE = YES_ERROR;
				CLANG_WARN_DOCUMENTATION_COMMENTS = YES;
				CLANG_WARN_EMPTY_BODY = YES;
				CLANG_WARN_ENUM_CONVERSION = YES;
				CLANG_WARN_INFINITE_RECURSION = YES;
				CLANG_WARN_INT_CONVERSION = YES;
				CLANG_WARN_NON_LITERAL_NULL_CONVERSION = YES;
				CLANG_WARN_OBJC_IMPLICIT_RETAIN_SELF = YES;
				CLANG_WARN_OBJC_LITERAL_CONVERSION = YES;
				CLANG_WARN_OBJC_ROOT_CLASS = YES_ERROR;
				CLANG_WARN_QUOTED_INCLUDE_IN_FRAMEWORK_HEADER = YES;
				CLANG_WARN_RANGE_LOOP_ANALYSIS = YES;
				CLANG_WARN_STRICT_PROTOTYPES = YES;
				CLANG_WARN_SUSPICIOUS_MOVE = YES;
				CLANG_WARN_UNGUARDED_AVAILABILITY = YES_AGGRESSIVE;
				CLANG_WARN_UNREACHABLE_CODE = YES;
				CLANG_WARN__DUPLICATE_METHOD_MATCH = YES;
				COPY_PHASE_STRIP = NO;
				DEBUG_INFORMATION_FORMAT = "dwarf-with-dsym";
				ENABLE_NS_ASSERTIONS = NO;
				ENABLE_STRICT_OBJC_MSGSEND = YES;
				GCC_C_LANGUAGE_STANDARD = gnu11;
				GCC_NO_COMMON_BLOCKS = YES;
				GCC_WARN_64_TO_32_BIT_CONVERSION = YES;
				GCC_WARN_ABOUT_RETURN_TYPE = YES_ERROR;
				GCC_WARN_UNDECLARED_SELECTOR = YES;
				GCC_WARN_UNINITIALIZED_AUTOS = YES_AGGRESSIVE;
				GCC_WARN_UNUSED_FUNCTION = YES;
				GCC_WARN_UNUSED_VARIABLE = YES;
				IPHONEOS_DEPLOYMENT_TARGET = 14.4;
				MTL_ENABLE_DEBUG_INFO = NO;
				MTL_FAST_MATH = YES;
				SDKROOT = iphoneos;
				SWIFT_COMPILATION_MODE = wholemodule;
				SWIFT_OPTIMIZATION_LEVEL = "-O";
				VALIDATE_PRODUCT = YES;
			};
			name = Release;
		};
		9D6E64D32666574600EF805F /* Debug */ = {
			isa = XCBuildConfiguration;
			buildSettings = {
				ASSETCATALOG_COMPILER_APPICON_NAME = AppIcon;
				ASSETCATALOG_COMPILER_GLOBAL_ACCENT_COLOR_NAME = AccentColor;
				CODE_SIGN_STYLE = Automatic;
				INFOPLIST_FILE = DicodingSegue/Info.plist;
				LD_RUNPATH_SEARCH_PATHS = (
					"$(inherited)",
					"@executable_path/Frameworks",
				);
				PRODUCT_BUNDLE_IDENTIFIER = com.example.DicodingSegue;
				PRODUCT_NAME = "$(TARGET_NAME)";
				SWIFT_VERSION = 5.0;
				TARGETED_DEVICE_FAMILY = "1,2";
			};
			name = Debug;
		};
		9D6E64D42666574600EF805F /* Release */ = {
			isa = XCBuildConfiguration;
			buildSettings = {
				ASSETCATALOG_COMPILER_APPICON_NAME = AppIcon;
				ASSETCATALOG_COMPILER_GLOBAL_ACCENT_COLOR_NAME = AccentColor;
				CODE_SIGN_STYLE = Automatic;
				INFOPLIST_FILE = DicodingSegue/Info.plist;
				LD_RUNPATH_SEARCH_PATHS = (
					"$(inherited)",
					"@executable_path/Frameworks",
				);
				PRODUCT_BUNDLE_IDENTIFIER = com.example.DicodingSegue;
				PRODUCT_NAME = "$(TARGET_NAME)";
				SWIFT_VERSION = 5.0;
				TARGETED_DEVICE_FAMILY = "1,2";
			};
			name = Release;
		};
		9D6E64D62666574600EF805F /* Debug */ = {
			isa = XCBuildConfiguration;
			buildSettings = {
				ALWAYS_EMBED_SWIFT_STANDARD_LIBRARIES = YES;
				BUNDLE_LOADER = "$(TEST_HOST)";
				CODE_SIGN_STYLE = Automatic;
				INFOPLIST_FILE = DicodingSegueTests/Info.plist;
				IPHONEOS_DEPLOYMENT_TARGET = 14.4;
				LD_RUNPATH_SEARCH_PATHS = (
					"$(inherited)",
					"@executable_path/Frameworks",
					"@loader_path/Frameworks",
				);
				PRODUCT_BUNDLE_IDENTIFIER = com.example.DicodingSegueTests;
				PRODUCT_NAME = "$(TARGET_NAME)";
				SWIFT_VERSION = 5.0;
				TARGETED_DEVICE_FAMILY = "1,2";
				TEST_HOST = "$(BUILT_PRODUCTS_DIR)/DicodingSegue.app/DicodingSegue";
			};
			name = Debug;
		};
		9D6E64D72666574600EF805F /* Release */ = {
			isa = XCBuildConfiguration;
			buildSettings = {
				ALWAYS_EMBED_SWIFT_STANDARD_LIBRARIES = YES;
				BUNDLE_LOADER = "$(TEST_HOST)";
				CODE_SIGN_STYLE = Automatic;
				INFOPLIST_FILE = DicodingSegueTests/Info.plist;
				IPHONEOS_DEPLOYMENT_TARGET = 14.4;
				LD_RUNPATH_SEARCH_PATHS = (
					"$(inherited)",
					"@executable_path/Frameworks",
					"@loader_path/Frameworks",
				);
				PRODUCT_BUNDLE_IDENTIFIER = com.example.DicodingSegueTests;
				PRODUCT_NAME = "$(TARGET_NAME)";
				SWIFT_VERSION = 5.0;
				TARGETED_DEVICE_FAMILY = "1,2";
				TEST_HOST = "$(BUILT_PRODUCTS_DIR)/DicodingSegue.app/DicodingSegue";
			};
			name = Release;
		};
		9D6E64D92666574600EF805F /* Debug */ = {
			isa = XCBuildConfiguration;
			buildSettings = {
				ALWAYS_EMBED_SWIFT_STANDARD_LIBRARIES = YES;
				CODE_SIGN_STYLE = Automatic;
				INFOPLIST_FILE = DicodingSegueUITests/Info.plist;
				LD_RUNPATH_SEARCH_PATHS = (
					"$(inherited)",
					"@executable_path/Frameworks",
					"@loader_path/Frameworks",
				);
				PRODUCT_BUNDLE_IDENTIFIER = com.example.DicodingSegueUITests;
				PRODUCT_NAME = "$(TARGET_NAME)";
				SWIFT_VERSION = 5.0;
				TARGETED_DEVICE_FAMILY = "1,2";
				TEST_TARGET_NAME = DicodingSegue;
			};
			name = Debug;
		};
		9D6E64DA2666574600EF805F /* Release */ = {
			isa = XCBuildConfiguration;
			buildSettings = {
				ALWAYS_EMBED_SWIFT_STANDARD_LIBRARIES = YES;
				CODE_SIGN_STYLE = Automatic;
				INFOPLIST_FILE = DicodingSegueUITests/Info.plist;
				LD_RUNPATH_SEARCH_PATHS = (
					"$(inherited)",
					"@executable_path/Frameworks",
					"@loader_path/Frameworks",
				);
				PRODUCT_BUNDLE_IDENTIFIER = com.example.DicodingSegueUITests;
				PRODUCT_NAME = "$(TARGET_NAME)";
				SWIFT_VERSION = 5.0;
				TARGETED_DEVICE_FAMILY = "1,2";
				TEST_TARGET_NAME = DicodingSegue;
			};
			name = Release;
		};
/* End XCBuildConfiguration section */

/* Begin XCConfigurationList section */
		9D6E64A32666574500EF805F /* Build configuration list for PBXProject "DicodingSegue" */ = {
			isa = XCConfigurationList;
			buildConfigurations = (
				9D6E64D02666574600EF805F /* Debug */,
				9D6E64D12666574600EF805F /* Release */,
			);
			defaultConfigurationIsVisible = 0;
			defaultConfigurationName = Release;
		};
		9D6E64D22666574600EF805F /* Build configuration list for PBXNativeTarget "DicodingSegue" */ = {
			isa = XCConfigurationList;
			buildConfigurations = (
				9D6E64D32666574600EF805F /* Debug */,
				9D6E64D42666574600EF805F /* Release */,
			);
			defaultConfigurationIsVisible = 0;
			defaultConfigurationName = Release;
		};
		9D6E64D52666574600EF805F /* Build configuration list for PBXNativeTarget "DicodingSegueTests" */ = {
			isa = XCConfigurationList;
			buildConfigurations = (
				9D6E64D62666574600EF805F /* Debug */,
				9D6E64D72666574600EF805F /* Release */,
			);
			defaultConfigurationIsVisible = 0;
			defaultConfigurationName = Release;
		};
		9D6E64D82666574600EF805F /* Build configuration list for PBXNativeTarget "DicodingSegueUITests" */ = {
			isa = XCConfigurationList;
			buildConfigurations = (
				9D6E64D92666574600EF805F /* Debug */,
				9D6E64DA2666574600EF805F /* Release */,
			);
			defaultConfigurationIsVisible = 0;
			defaultConfigurationName = Release;
		};
/* End XCConfigurationList section */
	};
	rootObject = 9D6E64A02666574500EF805F /* Project object */;
}
